// !$*UTF8*$!
{
	archiveVersion = 1;
	classes = {
	};
	objectVersion = 77;
	objects = {

/* Begin PBXBuildFile section */
		3089448A2EB889B20028FFC7 /* KeyboardShortcuts in Frameworks */ = {isa = PBXBuildFile; productRef = 308944892EB889B20028FFC7 /* KeyboardShortcuts */; };
		3089448C2EB88A4E0028FFC7 /* SnappingAction.swift in Sources */ = {isa = PBXBuildFile; fileRef = 3089448B2EB88A4E0028FFC7 /* SnappingAction.swift */; };
		308944912EB88A670028FFC7 /* ScreenCalculator.swift in Sources */ = {isa = PBXBuildFile; fileRef = 3089448F2EB88A670028FFC7 /* ScreenCalculator.swift */; };
		308944922EB88A670028FFC7 /* KeyboardShortcutManager.swift in Sources */ = {isa = PBXBuildFile; fileRef = 3089448E2EB88A670028FFC7 /* KeyboardShortcutManager.swift */; };
		308944932EB88A670028FFC7 /* WindowManager.swift in Sources */ = {isa = PBXBuildFile; fileRef = 308944902EB88A670028FFC7 /* WindowManager.swift */; };
		308944942EB88A670028FFC7 /* AccessibilityPermission.swift in Sources */ = {isa = PBXBuildFile; fileRef = 3089448D2EB88A670028FFC7 /* AccessibilityPermission.swift */; };
		30CDC26C2EB72AD200F63660 /* SettingsView.swift in Sources */ = {isa = PBXBuildFile; fileRef = 30CDC25D2EB72AD200F63660 /* SettingsView.swift */; };
		30CDC26D2EB72AD200F63660 /* AppSettings.swift in Sources */ = {isa = PBXBuildFile; fileRef = 30CDC2662EB72AD200F63660 /* AppSettings.swift */; };
		30CDC26E2EB72AD200F63660 /* ToastView.swift in Sources */ = {isa = PBXBuildFile; fileRef = 30CDC25E2EB72AD200F63660 /* ToastView.swift */; };
		30CDC26F2EB72AD200F63660 /* MenuBarController.swift in Sources */ = {isa = PBXBuildFile; fileRef = 30CDC25C2EB72AD200F63660 /* MenuBarController.swift */; };
		30CDC2712EB72AD200F63660 /* SimplePaletApp.swift in Sources */ = {isa = PBXBuildFile; fileRef = 30CDC26B2EB72AD200F63660 /* SimplePaletApp.swift */; };
		30CDC2752EB72AD200F63660 /* Assets.xcassets in Resources */ = {isa = PBXBuildFile; fileRef = 30CDC2682EB72AD200F63660 /* Assets.xcassets */; };
/* End PBXBuildFile section */

/* Begin PBXFileReference section */
		3089448B2EB88A4E0028FFC7 /* SnappingAction.swift */ = {isa = PBXFileReference; lastKnownFileType = sourcecode.swift; path = SnappingAction.swift; sourceTree = "<group>"; };
		3089448D2EB88A670028FFC7 /* AccessibilityPermission.swift */ = {isa = PBXFileReference; lastKnownFileType = sourcecode.swift; path = AccessibilityPermission.swift; sourceTree = "<group>"; };
		3089448E2EB88A670028FFC7 /* KeyboardShortcutManager.swift */ = {isa = PBXFileReference; lastKnownFileType = sourcecode.swift; path = KeyboardShortcutManager.swift; sourceTree = "<group>"; };
		3089448F2EB88A670028FFC7 /* ScreenCalculator.swift */ = {isa = PBXFileReference; lastKnownFileType = sourcecode.swift; path = ScreenCalculator.swift; sourceTree = "<group>"; };
		308944902EB88A670028FFC7 /* WindowManager.swift */ = {isa = PBXFileReference; lastKnownFileType = sourcecode.swift; path = WindowManager.swift; sourceTree = "<group>"; };
		30CDC24E2EB7287500F63660 /* SimplePalet.app */ = {isa = PBXFileReference; explicitFileType = wrapper.application; includeInIndex = 0; path = SimplePalet.app; sourceTree = BUILT_PRODUCTS_DIR; };
		30CDC25C2EB72AD200F63660 /* MenuBarController.swift */ = {isa = PBXFileReference; lastKnownFileType = sourcecode.swift; path = MenuBarController.swift; sourceTree = "<group>"; };
		30CDC25D2EB72AD200F63660 /* SettingsView.swift */ = {isa = PBXFileReference; lastKnownFileType = sourcecode.swift; path = SettingsView.swift; sourceTree = "<group>"; };
		30CDC25E2EB72AD200F63660 /* ToastView.swift */ = {isa = PBXFileReference; lastKnownFileType = sourcecode.swift; path = ToastView.swift; sourceTree = "<group>"; };
		30CDC2652EB72AD200F63660 /* Info.plist */ = {isa = PBXFileReference; lastKnownFileType = text.plist.xml; path = Info.plist; sourceTree = "<group>"; };
		30CDC2662EB72AD200F63660 /* AppSettings.swift */ = {isa = PBXFileReference; lastKnownFileType = sourcecode.swift; path = AppSettings.swift; sourceTree = "<group>"; };
		30CDC2682EB72AD200F63660 /* Assets.xcassets */ = {isa = PBXFileReference; lastKnownFileType = folder.assetcatalog; path = Assets.xcassets; sourceTree = "<group>"; };
		30CDC26A2EB72AD200F63660 /* SimplePalet.entitlements */ = {isa = PBXFileReference; lastKnownFileType = text.plist.entitlements; path = SimplePalet.entitlements; sourceTree = "<group>"; };
		30CDC26B2EB72AD200F63660 /* SimplePaletApp.swift */ = {isa = PBXFileReference; lastKnownFileType = sourcecode.swift; path = SimplePaletApp.swift; sourceTree = "<group>"; };
/* End PBXFileReference section */

/* Begin PBXFileSystemSynchronizedRootGroup section */
		30CDC2502EB7287500F63660 /* SimplePalet */ = {
			isa = PBXFileSystemSynchronizedRootGroup;
			path = SimplePalet;
			sourceTree = "<group>";
		};
/* End PBXFileSystemSynchronizedRootGroup section */

/* Begin PBXFrameworksBuildPhase section */
		30CDC24B2EB7287500F63660 /* Frameworks */ = {
			isa = PBXFrameworksBuildPhase;
			buildActionMask = 2147483647;
			files = (
				3089448A2EB889B20028FFC7 /* KeyboardShortcuts in Frameworks */,
			);
			runOnlyForDeploymentPostprocessing = 0;
		};
/* End PBXFrameworksBuildPhase section */

/* Begin PBXGroup section */
		30CDC2452EB7287500F63660 = {
			isa = PBXGroup;
			children = (
				30CDC25F2EB72AD200F63660 /* App */,
				30CDC2642EB72AD200F63660 /* Core */,
				30CDC2652EB72AD200F63660 /* Info.plist */,
				30CDC2672EB72AD200F63660 /* Models */,
				30CDC2692EB72AD200F63660 /* Resources */,
				30CDC26A2EB72AD200F63660 /* SimplePalet.entitlements */,
				30CDC26B2EB72AD200F63660 /* SimplePaletApp.swift */,
				30CDC2502EB7287500F63660 /* SimplePalet */,
				30CDC24F2EB7287500F63660 /* Products */,
			);
			sourceTree = "<group>";
		};
		30CDC24F2EB7287500F63660 /* Products */ = {
			isa = PBXGroup;
			children = (
				30CDC24E2EB7287500F63660 /* SimplePalet.app */,
			);
			name = Products;
			sourceTree = "<group>";
		};
		30CDC25F2EB72AD200F63660 /* App */ = {
			isa = PBXGroup;
			children = (
				30CDC25C2EB72AD200F63660 /* MenuBarController.swift */,
				30CDC25D2EB72AD200F63660 /* SettingsView.swift */,
				30CDC25E2EB72AD200F63660 /* ToastView.swift */,
			);
			path = App;
			sourceTree = "<group>";
		};
		30CDC2642EB72AD200F63660 /* Core */ = {
			isa = PBXGroup;
			children = (
				3089448D2EB88A670028FFC7 /* AccessibilityPermission.swift */,
				3089448E2EB88A670028FFC7 /* KeyboardShortcutManager.swift */,
				3089448F2EB88A670028FFC7 /* ScreenCalculator.swift */,
				308944902EB88A670028FFC7 /* WindowManager.swift */,
			);
			path = Core;
			sourceTree = "<group>";
		};
		30CDC2672EB72AD200F63660 /* Models */ = {
			isa = PBXGroup;
			children = (
				3089448B2EB88A4E0028FFC7 /* SnappingAction.swift */,
				30CDC2662EB72AD200F63660 /* AppSettings.swift */,
			);
			path = Models;
			sourceTree = "<group>";
		};
		30CDC2692EB72AD200F63660 /* Resources */ = {
			isa = PBXGroup;
			children = (
				30CDC2682EB72AD200F63660 /* Assets.xcassets */,
			);
			path = Resources;
			sourceTree = "<group>";
		};
/* End PBXGroup section */

/* Begin PBXNativeTarget section */
		30CDC24D2EB7287500F63660 /* SimplePalet */ = {
			isa = PBXNativeTarget;
			buildConfigurationList = 30CDC2592EB7287600F63660 /* Build configuration list for PBXNativeTarget "SimplePalet" */;
			buildPhases = (
				30CDC24A2EB7287500F63660 /* Sources */,
				30CDC24B2EB7287500F63660 /* Frameworks */,
				30CDC24C2EB7287500F63660 /* Resources */,
			);
			buildRules = (
			);
			dependencies = (
			);
			fileSystemSynchronizedGroups = (
				30CDC2502EB7287500F63660 /* SimplePalet */,
			);
			name = SimplePalet;
			packageProductDependencies = (
				308944892EB889B20028FFC7 /* KeyboardShortcuts */,
			);
			productName = SimplePalet;
			productReference = 30CDC24E2EB7287500F63660 /* SimplePalet.app */;
			productType = "com.apple.product-type.application";
		};
/* End PBXNativeTarget section */

/* Begin PBXProject section */
		30CDC2462EB7287500F63660 /* Project object */ = {
			isa = PBXProject;
			attributes = {
				BuildIndependentTargetsInParallel = 1;
				LastSwiftUpdateCheck = 2600;
				LastUpgradeCheck = 2600;
				TargetAttributes = {
					30CDC24D2EB7287500F63660 = {
						CreatedOnToolsVersion = 26.0.1;
					};
				};
			};
			buildConfigurationList = 30CDC2492EB7287500F63660 /* Build configuration list for PBXProject "SimplePalet" */;
			developmentRegion = en;
			hasScannedForEncodings = 0;
			knownRegions = (
				en,
				Base,
			);
			mainGroup = 30CDC2452EB7287500F63660;
			minimizedProjectReferenceProxies = 1;
			packageReferences = (
				308944882EB889B20028FFC7 /* XCRemoteSwiftPackageReference "KeyboardShortcuts" */,
			);
			preferredProjectObjectVersion = 77;
			productRefGroup = 30CDC24F2EB7287500F63660 /* Products */;
			projectDirPath = "";
			projectRoot = "";
			targets = (
				30CDC24D2EB7287500F63660 /* SimplePalet */,
			);
		};
/* End PBXProject section */

/* Begin PBXResourcesBuildPhase section */
		30CDC24C2EB7287500F63660 /* Resources */ = {
			isa = PBXResourcesBuildPhase;
			buildActionMask = 2147483647;
			files = (
				30CDC2752EB72AD200F63660 /* Assets.xcassets in Resources */,
			);
			runOnlyForDeploymentPostprocessing = 0;
		};
/* End PBXResourcesBuildPhase section */

/* Begin PBXSourcesBuildPhase section */
		30CDC24A2EB7287500F63660 /* Sources */ = {
			isa = PBXSourcesBuildPhase;
			buildActionMask = 2147483647;
			files = (
				30CDC26C2EB72AD200F63660 /* SettingsView.swift in Sources */,
				30CDC26D2EB72AD200F63660 /* AppSettings.swift in Sources */,
				30CDC26E2EB72AD200F63660 /* ToastView.swift in Sources */,
				3089448C2EB88A4E0028FFC7 /* SnappingAction.swift in Sources */,
				30CDC26F2EB72AD200F63660 /* MenuBarController.swift in Sources */,
				30CDC2712EB72AD200F63660 /* SimplePaletApp.swift in Sources */,
				308944912EB88A670028FFC7 /* ScreenCalculator.swift in Sources */,
				308944922EB88A670028FFC7 /* KeyboardShortcutManager.swift in Sources */,
				308944932EB88A670028FFC7 /* WindowManager.swift in Sources */,
				308944942EB88A670028FFC7 /* AccessibilityPermission.swift in Sources */,
			);
			runOnlyForDeploymentPostprocessing = 0;
		};
/* End PBXSourcesBuildPhase section */

/* Begin XCBuildConfiguration section */
		30CDC2572EB7287600F63660 /* Debug */ = {
			isa = XCBuildConfiguration;
			buildSettings = {
				ALWAYS_SEARCH_USER_PATHS = NO;
				ASSETCATALOG_COMPILER_GENERATE_SWIFT_ASSET_SYMBOL_EXTENSIONS = YES;
				CLANG_ANALYZER_NONNULL = YES;
				CLANG_ANALYZER_NUMBER_OBJECT_CONVERSION = YES_AGGRESSIVE;
				CLANG_CXX_LANGUAGE_STANDARD = "gnu++20";
				CLANG_ENABLE_MODULES = YES;
				CLANG_ENABLE_OBJC_ARC = YES;
				CLANG_ENABLE_OBJC_WEAK = YES;
				CLANG_WARN_BLOCK_CAPTURE_AUTORELEASING = YES;
				CLANG_WARN_BOOL_CONVERSION = YES;
				CLANG_WARN_COMMA = YES;
				CLANG_WARN_CONSTANT_CONVERSION = YES;
				CLANG_WARN_DEPRECATED_OBJC_IMPLEMENTATIONS = YES;
				CLANG_WARN_DIRECT_OBJC_ISA_USAGE = YES_ERROR;
				CLANG_WARN_DOCUMENTATION_COMMENTS = YES;
				CLANG_WARN_EMPTY_BODY = YES;
				CLANG_WARN_ENUM_CONVERSION = YES;
				CLANG_WARN_INFINITE_RECURSION = YES;
				CLANG_WARN_INT_CONVERSION = YES;
				CLANG_WARN_NON_LITERAL_NULL_CONVERSION = YES;
				CLANG_WARN_OBJC_IMPLICIT_RETAIN_SELF = YES;
				CLANG_WARN_OBJC_LITERAL_CONVERSION = YES;
				CLANG_WARN_OBJC_ROOT_CLASS = YES_ERROR;
				CLANG_WARN_QUOTED_INCLUDE_IN_FRAMEWORK_HEADER = YES;
				CLANG_WARN_RANGE_LOOP_ANALYSIS = YES;
				CLANG_WARN_STRICT_PROTOTYPES = YES;
				CLANG_WARN_SUSPICIOUS_MOVE = YES;
				CLANG_WARN_UNGUARDED_AVAILABILITY = YES_AGGRESSIVE;
				CLANG_WARN_UNREACHABLE_CODE = YES;
				CLANG_WARN__DUPLICATE_METHOD_MATCH = YES;
				COPY_PHASE_STRIP = NO;
				DEBUG_INFORMATION_FORMAT = dwarf;
				DEVELOPMENT_TEAM = 9552ZD2XMV;
				ENABLE_STRICT_OBJC_MSGSEND = YES;
				ENABLE_TESTABILITY = YES;
				ENABLE_USER_SCRIPT_SANDBOXING = YES;
				GCC_C_LANGUAGE_STANDARD = gnu17;
				GCC_DYNAMIC_NO_PIC = NO;
				GCC_NO_COMMON_BLOCKS = YES;
				GCC_OPTIMIZATION_LEVEL = 0;
				GCC_PREPROCESSOR_DEFINITIONS = (
					"DEBUG=1",
					"$(inherited)",
				);
				GCC_WARN_64_TO_32_BIT_CONVERSION = YES;
				GCC_WARN_ABOUT_RETURN_TYPE = YES_ERROR;
				GCC_WARN_UNDECLARED_SELECTOR = YES;
				GCC_WARN_UNINITIALIZED_AUTOS = YES_AGGRESSIVE;
				GCC_WARN_UNUSED_FUNCTION = YES;
				GCC_WARN_UNUSED_VARIABLE = YES;
				LOCALIZATION_PREFERS_STRING_CATALOGS = YES;
				MACOSX_DEPLOYMENT_TARGET = 15.7;
				MTL_ENABLE_DEBUG_INFO = INCLUDE_SOURCE;
				MTL_FAST_MATH = YES;
				ONLY_ACTIVE_ARCH = YES;
				SDKROOT = macosx;
				SWIFT_ACTIVE_COMPILATION_CONDITIONS = "DEBUG $(inherited)";
				SWIFT_OPTIMIZATION_LEVEL = "-Onone";
			};
			name = Debug;
		};
		30CDC2582EB7287600F63660 /* Release */ = {
			isa = XCBuildConfiguration;
			buildSettings = {
				ALWAYS_SEARCH_USER_PATHS = NO;
				ASSETCATALOG_COMPILER_GENERATE_SWIFT_ASSET_SYMBOL_EXTENSIONS = YES;
				CLANG_ANALYZER_NONNULL = YES;
				CLANG_ANALYZER_NUMBER_OBJECT_CONVERSION = YES_AGGRESSIVE;
				CLANG_CXX_LANGUAGE_STANDARD = "gnu++20";
				CLANG_ENABLE_MODULES = YES;
				CLANG_ENABLE_OBJC_ARC = YES;
				CLANG_ENABLE_OBJC_WEAK = YES;
				CLANG_WARN_BLOCK_CAPTURE_AUTORELEASING = YES;
				CLANG_WARN_BOOL_CONVERSION = YES;
				CLANG_WARN_COMMA = YES;
				CLANG_WARN_CONSTANT_CONVERSION = YES;
				CLANG_WARN_DEPRECATED_OBJC_IMPLEMENTATIONS = YES;
				CLANG_WARN_DIRECT_OBJC_ISA_USAGE = YES_ERROR;
				CLANG_WARN_DOCUMENTATION_COMMENTS = YES;
				CLANG_WARN_EMPTY_BODY = YES;
				CLANG_WARN_ENUM_CONVERSION = YES;
				CLANG_WARN_INFINITE_RECURSION = YES;
				CLANG_WARN_INT_CONVERSION = YES;
				CLANG_WARN_NON_LITERAL_NULL_CONVERSION = YES;
				CLANG_WARN_OBJC_IMPLICIT_RETAIN_SELF = YES;
				CLANG_WARN_OBJC_LITERAL_CONVERSION = YES;
				CLANG_WARN_OBJC_ROOT_CLASS = YES_ERROR;
				CLANG_WARN_QUOTED_INCLUDE_IN_FRAMEWORK_HEADER = YES;
				CLANG_WARN_RANGE_LOOP_ANALYSIS = YES;
				CLANG_WARN_STRICT_PROTOTYPES = YES;
				CLANG_WARN_SUSPICIOUS_MOVE = YES;
				CLANG_WARN_UNGUARDED_AVAILABILITY = YES_AGGRESSIVE;
				CLANG_WARN_UNREACHABLE_CODE = YES;
				CLANG_WARN__DUPLICATE_METHOD_MATCH = YES;
				COPY_PHASE_STRIP = NO;
				DEBUG_INFORMATION_FORMAT = "dwarf-with-dsym";
				DEVELOPMENT_TEAM = 9552ZD2XMV;
				ENABLE_NS_ASSERTIONS = NO;
				ENABLE_STRICT_OBJC_MSGSEND = YES;
				ENABLE_USER_SCRIPT_SANDBOXING = YES;
				GCC_C_LANGUAGE_STANDARD = gnu17;
				GCC_NO_COMMON_BLOCKS = YES;
				GCC_WARN_64_TO_32_BIT_CONVERSION = YES;
				GCC_WARN_ABOUT_RETURN_TYPE = YES_ERROR;
				GCC_WARN_UNDECLARED_SELECTOR = YES;
				GCC_WARN_UNINITIALIZED_AUTOS = YES_AGGRESSIVE;
				GCC_WARN_UNUSED_FUNCTION = YES;
				GCC_WARN_UNUSED_VARIABLE = YES;
				LOCALIZATION_PREFERS_STRING_CATALOGS = YES;
				MACOSX_DEPLOYMENT_TARGET = 15.7;
				MTL_ENABLE_DEBUG_INFO = NO;
				MTL_FAST_MATH = YES;
				SDKROOT = macosx;
				SWIFT_COMPILATION_MODE = wholemodule;
			};
			name = Release;
		};
		30CDC25A2EB7287600F63660 /* Debug */ = {
			isa = XCBuildConfiguration;
			buildSettings = {
				ASSETCATALOG_COMPILER_APPICON_NAME = AppIcon;
				ASSETCATALOG_COMPILER_GLOBAL_ACCENT_COLOR_NAME = AccentColor;
				CODE_SIGN_STYLE = Automatic;
				COMBINE_HIDPI_IMAGES = YES;
				CURRENT_PROJECT_VERSION = 1;
				DEVELOPMENT_TEAM = 9552ZD2XMV;
				ENABLE_APP_SANDBOX = NO;
				ENABLE_HARDENED_RUNTIME = YES;
				ENABLE_PREVIEWS = YES;
				ENABLE_USER_SELECTED_FILES = readonly;
				GENERATE_INFOPLIST_FILE = NO;
				INFOPLIST_FILE = Info.plist;
				INFOPLIST_KEY_NSHumanReadableCopyright = "";
				LD_RUNPATH_SEARCH_PATHS = (
					"$(inherited)",
					"@executable_path/../Frameworks",
				);
				MARKETING_VERSION = 1.0;
				PRODUCT_BUNDLE_IDENTIFIER = com.SimplePalet.SimplePalet;
				PRODUCT_NAME = "$(TARGET_NAME)";
				REGISTER_APP_GROUPS = YES;
				STRING_CATALOG_GENERATE_SYMBOLS = YES;
				SWIFT_APPROACHABLE_CONCURRENCY = YES;
				SWIFT_DEFAULT_ACTOR_ISOLATION = MainActor;
				SWIFT_EMIT_LOC_STRINGS = YES;
				SWIFT_UPCOMING_FEATURE_MEMBER_IMPORT_VISIBILITY = YES;
				SWIFT_VERSION = 5.0;
			};
			name = Debug;
		};
		30CDC25B2EB7287600F63660 /* Release */ = {
			isa = XCBuildConfiguration;
			buildSettings = {
				ASSETCATALOG_COMPILER_APPICON_NAME = AppIcon;
				ASSETCATALOG_COMPILER_GLOBAL_ACCENT_COLOR_NAME = AccentColor;
				CODE_SIGN_STYLE = Automatic;
				COMBINE_HIDPI_IMAGES = YES;
				CURRENT_PROJECT_VERSION = 1;
				DEVELOPMENT_TEAM = 9552ZD2XMV;
				ENABLE_APP_SANDBOX = NO;
				ENABLE_HARDENED_RUNTIME = YES;
				ENABLE_PREVIEWS = YES;
				ENABLE_USER_SELECTED_FILES = readonly;
				GENERATE_INFOPLIST_FILE = NO;
				INFOPLIST_FILE = Info.plist;
				INFOPLIST_KEY_NSHumanReadableCopyright = "";
				LD_RUNPATH_SEARCH_PATHS = (
					"$(inherited)",
					"@executable_path/../Frameworks",
				);
				MARKETING_VERSION = 1.0;
				PRODUCT_BUNDLE_IDENTIFIER = com.SimplePalet.SimplePalet;
				PRODUCT_NAME = "$(TARGET_NAME)";
				REGISTER_APP_GROUPS = YES;
				STRING_CATALOG_GENERATE_SYMBOLS = YES;
				SWIFT_APPROACHABLE_CONCURRENCY = YES;
				SWIFT_DEFAULT_ACTOR_ISOLATION = MainActor;
				SWIFT_EMIT_LOC_STRINGS = YES;
				SWIFT_UPCOMING_FEATURE_MEMBER_IMPORT_VISIBILITY = YES;
				SWIFT_VERSION = 5.0;
			};
			name = Release;
		};
/* End XCBuildConfiguration section */

/* Begin XCConfigurationList section */
		30CDC2492EB7287500F63660 /* Build configuration list for PBXProject "SimplePalet" */ = {
			isa = XCConfigurationList;
			buildConfigurations = (
				30CDC2572EB7287600F63660 /* Debug */,
				30CDC2582EB7287600F63660 /* Release */,
			);
			defaultConfigurationIsVisible = 0;
			defaultConfigurationName = Release;
		};
		30CDC2592EB7287600F63660 /* Build configuration list for PBXNativeTarget "SimplePalet" */ = {
			isa = XCConfigurationList;
			buildConfigurations = (
				30CDC25A2EB7287600F63660 /* Debug */,
				30CDC25B2EB7287600F63660 /* Release */,
			);
			defaultConfigurationIsVisible = 0;
			defaultConfigurationName = Release;
		};
/* End XCConfigurationList section */

/* Begin XCRemoteSwiftPackageReference section */
		308944882EB889B20028FFC7 /* XCRemoteSwiftPackageReference "KeyboardShortcuts" */ = {
			isa = XCRemoteSwiftPackageReference;
			repositoryURL = "https://github.com/sindresorhus/KeyboardShortcuts.git";
			requirement = {
				kind = upToNextMajorVersion;
				minimumVersion = 2.4.0;
			};
		};
/* End XCRemoteSwiftPackageReference section */

/* Begin XCSwiftPackageProductDependency section */
		308944892EB889B20028FFC7 /* KeyboardShortcuts */ = {
			isa = XCSwiftPackageProductDependency;
			package = 308944882EB889B20028FFC7 /* XCRemoteSwiftPackageReference "KeyboardShortcuts" */;
			productName = KeyboardShortcuts;
		};
/* End XCSwiftPackageProductDependency section */
	};
	rootObject = 30CDC2462EB7287500F63660 /* Project object */;
}
